github.com/briannoyama/bvh v0.0.0-20201229211707-02e7a345e17b h1:Li58DykhJGfX1YpCH8kpJu9gwDAwiQlkZQss6toz5p8=
github.com/briannoyama/bvh v0.0.0-20201229211707-02e7a345e17b/go.mod h1:0wLh4JFjXA8PkIVNAfWd68E1TyxKJZiDkYbCfaFGa5Q=
github.com/dhconnelly/rtreego v1.1.0 h1:ejMaqN03N1s6Bdg6peGkNgBnYYSBHzcK8yhSPCB+rHE=
github.com/dhconnelly/rtreego v1.1.0/go.mod h1:SDozu0Fjy17XH1svEXJgdYq8Tah6Zjfa/4Q33Z80+KM=
github.com/downflux/go-geometry v0.14.2 h1:4qDK/xdswip84VeBTkzHbiA3Eq+A8c3mZJMurfUQTjA=
github.com/downflux/go-geometry v0.14.2/go.mod h1:ZJcto0QwYRdoIbi5G4mh5y6v2xUS+d++/cANaO1F9+8=
github.com/downflux/go-pq v0.3.0 h1:oWLx7rzsD4fv1f2kp33NUq63CJVQvXZORkcpHr6bp9g=
github.com/downflux/go-pq v0.3.0/go.mod h1:vkc6UAQ+TBoNdTwDm5akDexE1auN2kQcR8BFw3hNCiM=
github.com/google/go-cmp v0.5.9 h1:O2Tfq5qg4qc4AmwVlvv0oLiVAGB7enBSJ2x2DqQFi38=
github.com/google/go-cmp v0.5.9/go.mod h1:17dUlkBOakJ0+DkrSSNjCkIjxS6bF9zb3elmeNGIjoY=
