github.com/downflux/go-geometry v0.10.3 h1:H1EtiCP45+s34mPBvsocUW71Yd5OfNjxMcVWxPhlXwQ=
github.com/downflux/go-geometry v0.10.3/go.mod h1:XWTzSaMiRMAxupAR+cXAsa1Q75TCSp1Shc/ydsJ0xVE=
github.com/downflux/go-pq v0.1.4 h1:SHFeyU+DNtx6gcsmBYPx+EekKIsmib8k7U39UGpH/7g=
github.com/downflux/go-pq v0.1.4/go.mod h1:vkc6UAQ+TBoNdTwDm5akDexE1auN2kQcR8BFw3hNCiM=
github.com/google/go-cmp v0.5.8 h1:e6P7q2lk1O+qJJb4BtCQXlK8vWEO8V1ZeuEdJNOqZyg=
github.com/google/go-cmp v0.5.8/go.mod h1:17dUlkBOakJ0+DkrSSNjCkIjxS6bF9zb3elmeNGIjoY=
